// !$*UTF8*$!
{
	archiveVersion = 1;
	classes = {
	};
	objectVersion = 50;
	objects = {

/* Begin PBXBuildFile section */
		73263CA725E5F12B00C77079 /* AppDelegate.swift in Sources */ = {isa = PBXBuildFile; fileRef = 73263CA625E5F12B00C77079 /* AppDelegate.swift */; };
		73263CA925E5F12B00C77079 /* SceneDelegate.swift in Sources */ = {isa = PBXBuildFile; fileRef = 73263CA825E5F12B00C77079 /* SceneDelegate.swift */; };
		73263CAB25E5F12B00C77079 /* ViewController.swift in Sources */ = {isa = PBXBuildFile; fileRef = 73263CAA25E5F12B00C77079 /* ViewController.swift */; };
		73263CAE25E5F12B00C77079 /* Main.storyboard in Resources */ = {isa = PBXBuildFile; fileRef = 73263CAC25E5F12B00C77079 /* Main.storyboard */; };
		73263CB025E5F12D00C77079 /* Assets.xcassets in Resources */ = {isa = PBXBuildFile; fileRef = 73263CAF25E5F12D00C77079 /* Assets.xcassets */; };
		73263CB325E5F12D00C77079 /* LaunchScreen.storyboard in Resources */ = {isa = PBXBuildFile; fileRef = 73263CB125E5F12D00C77079 /* LaunchScreen.storyboard */; };
		73263CBD25E62AB900C77079 /* .gitignore in Resources */ = {isa = PBXBuildFile; fileRef = 73263CBC25E62AB900C77079 /* .gitignore */; };
		73263CC025E62F8A00C77079 /* GoogleService-Info.plist in Resources */ = {isa = PBXBuildFile; fileRef = 73263CBF25E62F8A00C77079 /* GoogleService-Info.plist */; };
		93F03F91E4930FAF60C613F6 /* Pods_SwiftSNS.framework in Frameworks */ = {isa = PBXBuildFile; fileRef = 5CA38CE8E85035BCCCE2224B /* Pods_SwiftSNS.framework */; };
/* End PBXBuildFile section */

/* Begin PBXFileReference section */
		5CA38CE8E85035BCCCE2224B /* Pods_SwiftSNS.framework */ = {isa = PBXFileReference; explicitFileType = wrapper.framework; includeInIndex = 0; path = Pods_SwiftSNS.framework; sourceTree = BUILT_PRODUCTS_DIR; };
		636CFADE5A7C932063ED5524 /* Pods-SwiftSNS.debug.xcconfig */ = {isa = PBXFileReference; includeInIndex = 1; lastKnownFileType = text.xcconfig; name = "Pods-SwiftSNS.debug.xcconfig"; path = "Target Support Files/Pods-SwiftSNS/Pods-SwiftSNS.debug.xcconfig"; sourceTree = "<group>"; };
		73263CA325E5F12B00C77079 /* SwiftSNS.app */ = {isa = PBXFileReference; explicitFileType = wrapper.application; includeInIndex = 0; path = SwiftSNS.app; sourceTree = BUILT_PRODUCTS_DIR; };
		73263CA625E5F12B00C77079 /* AppDelegate.swift */ = {isa = PBXFileReference; lastKnownFileType = sourcecode.swift; path = AppDelegate.swift; sourceTree = "<group>"; };
		73263CA825E5F12B00C77079 /* SceneDelegate.swift */ = {isa = PBXFileReference; lastKnownFileType = sourcecode.swift; path = SceneDelegate.swift; sourceTree = "<group>"; };
		73263CAA25E5F12B00C77079 /* ViewController.swift */ = {isa = PBXFileReference; lastKnownFileType = sourcecode.swift; path = ViewController.swift; sourceTree = "<group>"; };
		73263CAD25E5F12B00C77079 /* Base */ = {isa = PBXFileReference; lastKnownFileType = file.storyboard; name = Base; path = Base.lproj/Main.storyboard; sourceTree = "<group>"; };
		73263CAF25E5F12D00C77079 /* Assets.xcassets */ = {isa = PBXFileReference; lastKnownFileType = folder.assetcatalog; path = Assets.xcassets; sourceTree = "<group>"; };
		73263CB225E5F12D00C77079 /* Base */ = {isa = PBXFileReference; lastKnownFileType = file.storyboard; name = Base; path = Base.lproj/LaunchScreen.storyboard; sourceTree = "<group>"; };
		73263CB425E5F12D00C77079 /* Info.plist */ = {isa = PBXFileReference; lastKnownFileType = text.plist.xml; path = Info.plist; sourceTree = "<group>"; };
		73263CBC25E62AB900C77079 /* .gitignore */ = {isa = PBXFileReference; lastKnownFileType = text; path = .gitignore; sourceTree = "<group>"; };
		73263CBF25E62F8A00C77079 /* GoogleService-Info.plist */ = {isa = PBXFileReference; fileEncoding = 4; lastKnownFileType = text.plist.xml; path = "GoogleService-Info.plist"; sourceTree = "<group>"; };
		B899D70453219663E0375704 /* Pods-SwiftSNS.release.xcconfig */ = {isa = PBXFileReference; includeInIndex = 1; lastKnownFileType = text.xcconfig; name = "Pods-SwiftSNS.release.xcconfig"; path = "Target Support Files/Pods-SwiftSNS/Pods-SwiftSNS.release.xcconfig"; sourceTree = "<group>"; };
/* End PBXFileReference section */

/* Begin PBXFrameworksBuildPhase section */
		73263CA025E5F12B00C77079 /* Frameworks */ = {
			isa = PBXFrameworksBuildPhase;
			buildActionMask = 2147483647;
			files = (
				93F03F91E4930FAF60C613F6 /* Pods_SwiftSNS.framework in Frameworks */,
			);
			runOnlyForDeploymentPostprocessing = 0;
		};
/* End PBXFrameworksBuildPhase section */

/* Begin PBXGroup section */
		166012881EF7313840AD44D8 /* Frameworks */ = {
			isa = PBXGroup;
			children = (
				5CA38CE8E85035BCCCE2224B /* Pods_SwiftSNS.framework */,
			);
			name = Frameworks;
			sourceTree = "<group>";
		};
		73263C9A25E5F12B00C77079 = {
			isa = PBXGroup;
			children = (
				73263CBC25E62AB900C77079 /* .gitignore */,
				73263CA525E5F12B00C77079 /* SwiftSNS */,
				73263CA425E5F12B00C77079 /* Products */,
				F4831F1B00FAF35A60379E64 /* Pods */,
				166012881EF7313840AD44D8 /* Frameworks */,
			);
			sourceTree = "<group>";
		};
		73263CA425E5F12B00C77079 /* Products */ = {
			isa = PBXGroup;
			children = (
				73263CA325E5F12B00C77079 /* SwiftSNS.app */,
			);
			name = Products;
			sourceTree = "<group>";
		};
		73263CA525E5F12B00C77079 /* SwiftSNS */ = {
			isa = PBXGroup;
			children = (
				73263CA625E5F12B00C77079 /* AppDelegate.swift */,
				73263CA825E5F12B00C77079 /* SceneDelegate.swift */,
				73263CAA25E5F12B00C77079 /* ViewController.swift */,
				73263CAC25E5F12B00C77079 /* Main.storyboard */,
				73263CAF25E5F12D00C77079 /* Assets.xcassets */,
				73263CB125E5F12D00C77079 /* LaunchScreen.storyboard */,
				73263CB425E5F12D00C77079 /* Info.plist */,
				73263CBF25E62F8A00C77079 /* GoogleService-Info.plist */,
			);
			path = SwiftSNS;
			sourceTree = "<group>";
		};
		F4831F1B00FAF35A60379E64 /* Pods */ = {
			isa = PBXGroup;
			children = (
				636CFADE5A7C932063ED5524 /* Pods-SwiftSNS.debug.xcconfig */,
				B899D70453219663E0375704 /* Pods-SwiftSNS.release.xcconfig */,
			);
			name = Pods;
			path = Pods;
			sourceTree = "<group>";
		};
/* End PBXGroup section */

/* Begin PBXNativeTarget section */
		73263CA225E5F12B00C77079 /* SwiftSNS */ = {
			isa = PBXNativeTarget;
			buildConfigurationList = 73263CB725E5F12D00C77079 /* Build configuration list for PBXNativeTarget "SwiftSNS" */;
			buildPhases = (
				6C010F7FB5DC0527B808E71B /* [CP] Check Pods Manifest.lock */,
				73263C9F25E5F12B00C77079 /* Sources */,
				73263CA025E5F12B00C77079 /* Frameworks */,
				73263CA125E5F12B00C77079 /* Resources */,
				8EAD3976D8BB7102130A7C16 /* [CP] Embed Pods Frameworks */,
			);
			buildRules = (
			);
			dependencies = (
			);
			name = SwiftSNS;
			productName = SwiftSNS;
			productReference = 73263CA325E5F12B00C77079 /* SwiftSNS.app */;
			productType = "com.apple.product-type.application";
		};
/* End PBXNativeTarget section */

/* Begin PBXProject section */
		73263C9B25E5F12B00C77079 /* Project object */ = {
			isa = PBXProject;
			attributes = {
				LastSwiftUpdateCheck = 1240;
				LastUpgradeCheck = 1240;
				TargetAttributes = {
					73263CA225E5F12B00C77079 = {
						CreatedOnToolsVersion = 12.4;
					};
				};
			};
			buildConfigurationList = 73263C9E25E5F12B00C77079 /* Build configuration list for PBXProject "SwiftSNS" */;
			compatibilityVersion = "Xcode 9.3";
			developmentRegion = en;
			hasScannedForEncodings = 0;
			knownRegions = (
				en,
				Base,
			);
			mainGroup = 73263C9A25E5F12B00C77079;
			productRefGroup = 73263CA425E5F12B00C77079 /* Products */;
			projectDirPath = "";
			projectRoot = "";
			targets = (
				73263CA225E5F12B00C77079 /* SwiftSNS */,
			);
		};
/* End PBXProject section */

/* Begin PBXResourcesBuildPhase section */
		73263CA125E5F12B00C77079 /* Resources */ = {
			isa = PBXResourcesBuildPhase;
			buildActionMask = 2147483647;
			files = (
				73263CBD25E62AB900C77079 /* .gitignore in Resources */,
				73263CB325E5F12D00C77079 /* LaunchScreen.storyboard in Resources */,
				73263CC025E62F8A00C77079 /* GoogleService-Info.plist in Resources */,
				73263CB025E5F12D00C77079 /* Assets.xcassets in Resources */,
				73263CAE25E5F12B00C77079 /* Main.storyboard in Resources */,
			);
			runOnlyForDeploymentPostprocessing = 0;
		};
/* End PBXResourcesBuildPhase section */

/* Begin PBXShellScriptBuildPhase section */
		6C010F7FB5DC0527B808E71B /* [CP] Check Pods Manifest.lock */ = {
			isa = PBXShellScriptBuildPhase;
			buildActionMask = 2147483647;
			files = (
			);
			inputFileListPaths = (
			);
			inputPaths = (
				"${PODS_PODFILE_DIR_PATH}/Podfile.lock",
				"${PODS_ROOT}/Manifest.lock",
			);
			name = "[CP] Check Pods Manifest.lock";
			outputFileListPaths = (
			);
			outputPaths = (
				"$(DERIVED_FILE_DIR)/Pods-SwiftSNS-checkManifestLockResult.txt",
			);
			runOnlyForDeploymentPostprocessing = 0;
			shellPath = /bin/sh;
			shellScript = "diff \"${PODS_PODFILE_DIR_PATH}/Podfile.lock\" \"${PODS_ROOT}/Manifest.lock\" > /dev/null\nif [ $? != 0 ] ; then\n    # print error to STDERR\n    echo \"error: The sandbox is not in sync with the Podfile.lock. Run 'pod install' or update your CocoaPods installation.\" >&2\n    exit 1\nfi\n# This output is used by Xcode 'outputs' to avoid re-running this script phase.\necho \"SUCCESS\" > \"${SCRIPT_OUTPUT_FILE_0}\"\n";
			showEnvVarsInLog = 0;
		};
		8EAD3976D8BB7102130A7C16 /* [CP] Embed Pods Frameworks */ = {
			isa = PBXShellScriptBuildPhase;
			buildActionMask = 2147483647;
			files = (
			);
			inputFileListPaths = (
				"${PODS_ROOT}/Target Support Files/Pods-SwiftSNS/Pods-SwiftSNS-frameworks-${CONFIGURATION}-input-files.xcfilelist",
			);
			name = "[CP] Embed Pods Frameworks";
			outputFileListPaths = (
				"${PODS_ROOT}/Target Support Files/Pods-SwiftSNS/Pods-SwiftSNS-frameworks-${CONFIGURATION}-output-files.xcfilelist",
			);
			runOnlyForDeploymentPostprocessing = 0;
			shellPath = /bin/sh;
			shellScript = "\"${PODS_ROOT}/Target Support Files/Pods-SwiftSNS/Pods-SwiftSNS-frameworks.sh\"\n";
			showEnvVarsInLog = 0;
		};
/* End PBXShellScriptBuildPhase section */

/* Begin PBXSourcesBuildPhase section */
		73263C9F25E5F12B00C77079 /* Sources */ = {
			isa = PBXSourcesBuildPhase;
			buildActionMask = 2147483647;
			files = (
				73263CAB25E5F12B00C77079 /* ViewController.swift in Sources */,
				73263CA725E5F12B00C77079 /* AppDelegate.swift in Sources */,
				73263CA925E5F12B00C77079 /* SceneDelegate.swift in Sources */,
			);
			runOnlyForDeploymentPostprocessing = 0;
		};
/* End PBXSourcesBuildPhase section */

/* Begin PBXVariantGroup section */
		73263CAC25E5F12B00C77079 /* Main.storyboard */ = {
			isa = PBXVariantGroup;
			children = (
				73263CAD25E5F12B00C77079 /* Base */,
			);
			name = Main.storyboard;
			sourceTree = "<group>";
		};
		73263CB125E5F12D00C77079 /* LaunchScreen.storyboard */ = {
			isa = PBXVariantGroup;
			children = (
				73263CB225E5F12D00C77079 /* Base */,
			);
			name = LaunchScreen.storyboard;
			sourceTree = "<group>";
		};
/* End PBXVariantGroup section */

/* Begin XCBuildConfiguration section */
		73263CB525E5F12D00C77079 /* Debug */ = {
			isa = XCBuildConfiguration;
			buildSettings = {
				ALWAYS_SEARCH_USER_PATHS = NO;
				CLANG_ANALYZER_NONNULL = YES;
				CLANG_ANALYZER_NUMBER_OBJECT_CONVERSION = YES_AGGRESSIVE;
				CLANG_CXX_LANGUAGE_STANDARD = "gnu++14";
				CLANG_CXX_LIBRARY = "libc++";
				CLANG_ENABLE_MODULES = YES;
				CLANG_ENABLE_OBJC_ARC = YES;
				CLANG_ENABLE_OBJC_WEAK = YES;
				CLANG_WARN_BLOCK_CAPTURE_AUTORELEASING = YES;
				CLANG_WARN_BOOL_CONVERSION = YES;
				CLANG_WARN_COMMA = YES;
				CLANG_WARN_CONSTANT_CONVERSION = YES;
				CLANG_WARN_DEPRECATED_OBJC_IMPLEMENTATIONS = YES;
				CLANG_WARN_DIRECT_OBJC_ISA_USAGE = YES_ERROR;
				CLANG_WARN_DOCUMENTATION_COMMENTS = YES;
				CLANG_WARN_EMPTY_BODY = YES;
				CLANG_WARN_ENUM_CONVERSION = YES;
				CLANG_WARN_INFINITE_RECURSION = YES;
				CLANG_WARN_INT_CONVERSION = YES;
				CLANG_WARN_NON_LITERAL_NULL_CONVERSION = YES;
				CLANG_WARN_OBJC_IMPLICIT_RETAIN_SELF = YES;
				CLANG_WARN_OBJC_LITERAL_CONVERSION = YES;
				CLANG_WARN_OBJC_ROOT_CLASS = YES_ERROR;
				CLANG_WARN_QUOTED_INCLUDE_IN_FRAMEWORK_HEADER = YES;
				CLANG_WARN_RANGE_LOOP_ANALYSIS = YES;
				CLANG_WARN_STRICT_PROTOTYPES = YES;
				CLANG_WARN_SUSPICIOUS_MOVE = YES;
				CLANG_WARN_UNGUARDED_AVAILABILITY = YES_AGGRESSIVE;
				CLANG_WARN_UNREACHABLE_CODE = YES;
				CLANG_WARN__DUPLICATE_METHOD_MATCH = YES;
				COPY_PHASE_STRIP = NO;
				DEBUG_INFORMATION_FORMAT = dwarf;
				ENABLE_STRICT_OBJC_MSGSEND = YES;
				ENABLE_TESTABILITY = YES;
				GCC_C_LANGUAGE_STANDARD = gnu11;
				GCC_DYNAMIC_NO_PIC = NO;
				GCC_NO_COMMON_BLOCKS = YES;
				GCC_OPTIMIZATION_LEVEL = 0;
				GCC_PREPROCESSOR_DEFINITIONS = (
					"DEBUG=1",
					"$(inherited)",
				);
				GCC_WARN_64_TO_32_BIT_CONVERSION = YES;
				GCC_WARN_ABOUT_RETURN_TYPE = YES_ERROR;
				GCC_WARN_UNDECLARED_SELECTOR = YES;
				GCC_WARN_UNINITIALIZED_AUTOS = YES_AGGRESSIVE;
				GCC_WARN_UNUSED_FUNCTION = YES;
				GCC_WARN_UNUSED_VARIABLE = YES;
				IPHONEOS_DEPLOYMENT_TARGET = 14.4;
				MTL_ENABLE_DEBUG_INFO = INCLUDE_SOURCE;
				MTL_FAST_MATH = YES;
				ONLY_ACTIVE_ARCH = YES;
				SDKROOT = iphoneos;
				SWIFT_ACTIVE_COMPILATION_CONDITIONS = DEBUG;
				SWIFT_OPTIMIZATION_LEVEL = "-Onone";
			};
			name = Debug;
		};
		73263CB625E5F12D00C77079 /* Release */ = {
			isa = XCBuildConfiguration;
			buildSettings = {
				ALWAYS_SEARCH_USER_PATHS = NO;
				CLANG_ANALYZER_NONNULL = YES;
				CLANG_ANALYZER_NUMBER_OBJECT_CONVERSION = YES_AGGRESSIVE;
				CLANG_CXX_LANGUAGE_STANDARD = "gnu++14";
				CLANG_CXX_LIBRARY = "libc++";
				CLANG_ENABLE_MODULES = YES;
				CLANG_ENABLE_OBJC_ARC = YES;
				CLANG_ENABLE_OBJC_WEAK = YES;
				CLANG_WARN_BLOCK_CAPTURE_AUTORELEASING = YES;
				CLANG_WARN_BOOL_CONVERSION = YES;
				CLANG_WARN_COMMA = YES;
				CLANG_WARN_CONSTANT_CONVERSION = YES;
				CLANG_WARN_DEPRECATED_OBJC_IMPLEMENTATIONS = YES;
				CLANG_WARN_DIRECT_OBJC_ISA_USAGE = YES_ERROR;
				CLANG_WARN_DOCUMENTATION_COMMENTS = YES;
				CLANG_WARN_EMPTY_BODY = YES;
				CLANG_WARN_ENUM_CONVERSION = YES;
				CLANG_WARN_INFINITE_RECURSION = YES;
				CLANG_WARN_INT_CONVERSION = YES;
				CLANG_WARN_NON_LITERAL_NULL_CONVERSION = YES;
				CLANG_WARN_OBJC_IMPLICIT_RETAIN_SELF = YES;
				CLANG_WARN_OBJC_LITERAL_CONVERSION = YES;
				CLANG_WARN_OBJC_ROOT_CLASS = YES_ERROR;
				CLANG_WARN_QUOTED_INCLUDE_IN_FRAMEWORK_HEADER = YES;
				CLANG_WARN_RANGE_LOOP_ANALYSIS = YES;
				CLANG_WARN_STRICT_PROTOTYPES = YES;
				CLANG_WARN_SUSPICIOUS_MOVE = YES;
				CLANG_WARN_UNGUARDED_AVAILABILITY = YES_AGGRESSIVE;
				CLANG_WARN_UNREACHABLE_CODE = YES;
				CLANG_WARN__DUPLICATE_METHOD_MATCH = YES;
				COPY_PHASE_STRIP = NO;
				DEBUG_INFORMATION_FORMAT = "dwarf-with-dsym";
				ENABLE_NS_ASSERTIONS = NO;
				ENABLE_STRICT_OBJC_MSGSEND = YES;
				GCC_C_LANGUAGE_STANDARD = gnu11;
				GCC_NO_COMMON_BLOCKS = YES;
				GCC_WARN_64_TO_32_BIT_CONVERSION = YES;
				GCC_WARN_ABOUT_RETURN_TYPE = YES_ERROR;
				GCC_WARN_UNDECLARED_SELECTOR = YES;
				GCC_WARN_UNINITIALIZED_AUTOS = YES_AGGRESSIVE;
				GCC_WARN_UNUSED_FUNCTION = YES;
				GCC_WARN_UNUSED_VARIABLE = YES;
				IPHONEOS_DEPLOYMENT_TARGET = 14.4;
				MTL_ENABLE_DEBUG_INFO = NO;
				MTL_FAST_MATH = YES;
				SDKROOT = iphoneos;
				SWIFT_COMPILATION_MODE = wholemodule;
				SWIFT_OPTIMIZATION_LEVEL = "-O";
				VALIDATE_PRODUCT = YES;
			};
			name = Release;
		};
		73263CB825E5F12D00C77079 /* Debug */ = {
			isa = XCBuildConfiguration;
			baseConfigurationReference = 636CFADE5A7C932063ED5524 /* Pods-SwiftSNS.debug.xcconfig */;
			buildSettings = {
				ASSETCATALOG_COMPILER_APPICON_NAME = AppIcon;
				ASSETCATALOG_COMPILER_GLOBAL_ACCENT_COLOR_NAME = AccentColor;
				CODE_SIGN_STYLE = Automatic;
				DEVELOPMENT_TEAM = S78A992BV6;
				INFOPLIST_FILE = SwiftSNS/Info.plist;
				LD_RUNPATH_SEARCH_PATHS = (
					"$(inherited)",
					"@executable_path/Frameworks",
				);
				PRODUCT_BUNDLE_IDENTIFIER = com.genzo.SwiftSNS;
				PRODUCT_NAME = "$(TARGET_NAME)";
				SWIFT_VERSION = 5.0;
				TARGETED_DEVICE_FAMILY = 1;
			};
			name = Debug;
		};
		73263CB925E5F12D00C77079 /* Release */ = {
			isa = XCBuildConfiguration;
			baseConfigurationReference = B899D70453219663E0375704 /* Pods-SwiftSNS.release.xcconfig */;
			buildSettings = {
				ASSETCATALOG_COMPILER_APPICON_NAME = AppIcon;
				ASSETCATALOG_COMPILER_GLOBAL_ACCENT_COLOR_NAME = AccentColor;
				CODE_SIGN_STYLE = Automatic;
				DEVELOPMENT_TEAM = S78A992BV6;
				INFOPLIST_FILE = SwiftSNS/Info.plist;
				LD_RUNPATH_SEARCH_PATHS = (
					"$(inherited)",
					"@executable_path/Frameworks",
				);
				PRODUCT_BUNDLE_IDENTIFIER = com.genzo.SwiftSNS;
				PRODUCT_NAME = "$(TARGET_NAME)";
				SWIFT_VERSION = 5.0;
				TARGETED_DEVICE_FAMILY = 1;
			};
			name = Release;
		};
/* End XCBuildConfiguration section */

/* Begin XCConfigurationList section */
		73263C9E25E5F12B00C77079 /* Build configuration list for PBXProject "SwiftSNS" */ = {
			isa = XCConfigurationList;
			buildConfigurations = (
				73263CB525E5F12D00C77079 /* Debug */,
				73263CB625E5F12D00C77079 /* Release */,
			);
			defaultConfigurationIsVisible = 0;
			defaultConfigurationName = Release;
		};
		73263CB725E5F12D00C77079 /* Build configuration list for PBXNativeTarget "SwiftSNS" */ = {
			isa = XCConfigurationList;
			buildConfigurations = (
				73263CB825E5F12D00C77079 /* Debug */,
				73263CB925E5F12D00C77079 /* Release */,
			);
			defaultConfigurationIsVisible = 0;
			defaultConfigurationName = Release;
		};
/* End XCConfigurationList section */
	};
	rootObject = 73263C9B25E5F12B00C77079 /* Project object */;
}
